github.com/fatih/structs v1.1.0 h1:Q7juDM0QtcnhCpeyLGQKyg4TOIghuNXrkL32pHAUMxo=
github.com/fatih/structs v1.1.0/go.mod h1:9NiDSp5zOcgEDl+j00MP/WkGVPOlPRLejGD8Ga6PJ7M=
github.com/reiver/go-ascii v0.0.0-20240302002050-442843e5ea02 h1:YviUVCHZw6gaxvLznXQTXp7LwaWzly80TXUsWxwPPi4=
github.com/reiver/go-ascii v0.0.0-20240302002050-442843e5ea02/go.mod h1:f43/Y1zpLvqorZN0BelarPzO2GrotAQrBy3T08NUSTM=
github.com/reiver/go-erorr v0.0.0-20240801233437-8cbde6d1fa3f h1:D1QSxKHm8U73XhjsW3SFLkT0zT5pKJi+1KGboMhY1Rk=
github.com/reiver/go-erorr v0.0.0-20240801233437-8cbde6d1fa3f/go.mod h1:F0HbBf+Ak2ZlE8YkDW4Y+KxaUmT0KaaIJK6CXY3cJxE=
github.com/reiver/go-errhttp v1.1.1-0.20240513035723-daf47d264c9c h1:C/ALE5tUOywYv2tqweTLOjH0BVkN5TTMDKY6qDTD/3Q=
github.com/reiver/go-errhttp v1.1.1-0.20240513035723-daf47d264c9c/go.mod h1:J55rONfn+39379roH0KxMCGv6w9ifhZIoSKaVswRUDk=
github.com/reiver/go-httpsse v0.0.0-20240806223648-6ed5a785f3f8 h1:HOpgKCgKqWYub73sQvWxamDqJ7G8P0tMk5wYBFUDblE=
github.com/reiver/go-httpsse v0.0.0-20240806223648-6ed5a785f3f8/go.mod h1:hABgQXG6IXrFbcy8C+VKEM3/tDZg3nZ4u82N/QvvH70=
github.com/reiver/go-lck v0.0.0-20240805193248-0e30233d682d h1:ZhE9WGB09SR+AIAf+rTl1hWqeHwuBL3VlWl+QjeBcTw=
github.com/reiver/go-lck v0.0.0-20240805193248-0e30233d682d/go.mod h1:PFseSi8S0CBkc+YB6jYWtogPk83LumclnYJZZBQJJhs=
github.com/reiver/go-path v0.0.0-20240327181650-5f2ee05890d8 h1:8JFCnRV4GVjP8XUFuXvCH42o4fXHSkGcUkfsloB+LeY=
github.com/reiver/go-path v0.0.0-20240327181650-5f2ee05890d8/go.mod h1:4H3fxXTRSuvWviraF1tFTVXhRciV8KFGq5tzo1gb2Tk=
github.com/reiver/go-pathmatch v2.2.0+incompatible h1:hFg/Aa8G3+YSfCK1JSvQvY7mIab7YPWq97kUmKwSQq8=
github.com/reiver/go-pathmatch v2.2.0+incompatible/go.mod h1:T2YWRaELNiTfGhs3tNIWwLGlWe2fGmuO8AVcjUPVgnE=
github.com/reiver/go-pathmux v0.0.0-20240229164030-35fcff1c6e8d h1:rIsrZjZ9KbOhDud8wpzKLkwzphXdUOvZGg/h25c/Ul0=
github.com/reiver/go-pathmux v0.0.0-20240229164030-35fcff1c6e8d/go.mod h1:b9ed6nFkWn5atpsqz1SHrqXQrde91TBL4jjX3pGK1Zw=
github.com/reiver/go-utf8 v2.0.2-0.20240806185936-5dd7c5557d34+incompatible h1:Ewax9SN/f+OibeHNDBPI2lsf1t17YRBvKDA4X7CU4vA=
github.com/reiver/go-utf8 v2.0.2-0.20240806185936-5dd7c5557d34+incompatible/go.mod h1:tfGntNDUeEZIAsz0mTu0lF7/IlErc+BpQgO6yxYmJig=
